// !$*UTF8*$!
{
	archiveVersion = 1;
	classes = {
	};
	objectVersion = 56;
	objects = {

/* Begin PBXBuildFile section */
		4995A4F52BB007D400CFA393 /* CourseSystemApp.swift in Sources */ = {isa = PBXBuildFile; fileRef = 4995A4F42BB007D400CFA393 /* CourseSystemApp.swift */; };
		4995A4F72BB007D400CFA393 /* ContentView.swift in Sources */ = {isa = PBXBuildFile; fileRef = 4995A4F62BB007D400CFA393 /* ContentView.swift */; };
		4995A4F92BB007D600CFA393 /* Assets.xcassets in Resources */ = {isa = PBXBuildFile; fileRef = 4995A4F82BB007D600CFA393 /* Assets.xcassets */; };
		4995A4FC2BB007D600CFA393 /* Preview Assets.xcassets in Resources */ = {isa = PBXBuildFile; fileRef = 4995A4FB2BB007D600CFA393 /* Preview Assets.xcassets */; };
		4995A4FE2BB007D600CFA393 /* Persistence.swift in Sources */ = {isa = PBXBuildFile; fileRef = 4995A4FD2BB007D600CFA393 /* Persistence.swift */; };
		4995A5012BB007D600CFA393 /* CourseSystem.xcdatamodeld in Sources */ = {isa = PBXBuildFile; fileRef = 4995A4FF2BB007D600CFA393 /* CourseSystem.xcdatamodeld */; };
		49BF860D2BE830A500EA6844 /* Test.swift in Sources */ = {isa = PBXBuildFile; fileRef = 49BF860C2BE830A500EA6844 /* Test.swift */; };
		49BF860F2BE8318A00EA6844 /* TestCore.swift in Sources */ = {isa = PBXBuildFile; fileRef = 49BF860E2BE8318A00EA6844 /* TestCore.swift */; };
		49BF86112BE83EA400EA6844 /* Home.swift in Sources */ = {isa = PBXBuildFile; fileRef = 49BF86102BE83EA400EA6844 /* Home.swift */; };
/* End PBXBuildFile section */

/* Begin PBXFileReference section */
		4995A4F12BB007D400CFA393 /* CourseSystem.app */ = {isa = PBXFileReference; explicitFileType = wrapper.application; includeInIndex = 0; path = CourseSystem.app; sourceTree = BUILT_PRODUCTS_DIR; };
		4995A4F42BB007D400CFA393 /* CourseSystemApp.swift */ = {isa = PBXFileReference; lastKnownFileType = sourcecode.swift; path = CourseSystemApp.swift; sourceTree = "<group>"; };
		4995A4F62BB007D400CFA393 /* ContentView.swift */ = {isa = PBXFileReference; lastKnownFileType = sourcecode.swift; path = ContentView.swift; sourceTree = "<group>"; };
		4995A4F82BB007D600CFA393 /* Assets.xcassets */ = {isa = PBXFileReference; lastKnownFileType = folder.assetcatalog; path = Assets.xcassets; sourceTree = "<group>"; };
		4995A4FB2BB007D600CFA393 /* Preview Assets.xcassets */ = {isa = PBXFileReference; lastKnownFileType = folder.assetcatalog; path = "Preview Assets.xcassets"; sourceTree = "<group>"; };
		4995A4FD2BB007D600CFA393 /* Persistence.swift */ = {isa = PBXFileReference; lastKnownFileType = sourcecode.swift; path = Persistence.swift; sourceTree = "<group>"; };
		4995A5002BB007D600CFA393 /* CourseSystem.xcdatamodel */ = {isa = PBXFileReference; lastKnownFileType = wrapper.xcdatamodel; path = CourseSystem.xcdatamodel; sourceTree = "<group>"; };
		4995A5072BB009FC00CFA393 /* README.md */ = {isa = PBXFileReference; lastKnownFileType = net.daringfireball.markdown; path = README.md; sourceTree = "<group>"; };
		49BF860C2BE830A500EA6844 /* Test.swift */ = {isa = PBXFileReference; lastKnownFileType = sourcecode.swift; path = Test.swift; sourceTree = "<group>"; };
		49BF860E2BE8318A00EA6844 /* TestCore.swift */ = {isa = PBXFileReference; lastKnownFileType = sourcecode.swift; path = TestCore.swift; sourceTree = "<group>"; };
		49BF86102BE83EA400EA6844 /* Home.swift */ = {isa = PBXFileReference; lastKnownFileType = sourcecode.swift; path = Home.swift; sourceTree = "<group>"; };
/* End PBXFileReference section */

/* Begin PBXFrameworksBuildPhase section */
		4995A4EE2BB007D400CFA393 /* Frameworks */ = {
			isa = PBXFrameworksBuildPhase;
			buildActionMask = 2147483647;
			files = (
			);
			runOnlyForDeploymentPostprocessing = 0;
		};
/* End PBXFrameworksBuildPhase section */

/* Begin PBXGroup section */
		4995A4E82BB007D400CFA393 = {
			isa = PBXGroup;
			children = (
				4995A5072BB009FC00CFA393 /* README.md */,
				4995A4F32BB007D400CFA393 /* CourseSystem */,
				4995A4F22BB007D400CFA393 /* Products */,
			);
			sourceTree = "<group>";
		};
		4995A4F22BB007D400CFA393 /* Products */ = {
			isa = PBXGroup;
			children = (
				4995A4F12BB007D400CFA393 /* CourseSystem.app */,
			);
			name = Products;
			sourceTree = "<group>";
		};
		4995A4F32BB007D400CFA393 /* CourseSystem */ = {
			isa = PBXGroup;
			children = (
				4995A4F42BB007D400CFA393 /* CourseSystemApp.swift */,
				4995A4F62BB007D400CFA393 /* ContentView.swift */,
				4995A4F82BB007D600CFA393 /* Assets.xcassets */,
				4995A4FD2BB007D600CFA393 /* Persistence.swift */,
				4995A4FF2BB007D600CFA393 /* CourseSystem.xcdatamodeld */,
				4995A4FA2BB007D600CFA393 /* Preview Content */,
				49BF860C2BE830A500EA6844 /* Test.swift */,
				49BF860E2BE8318A00EA6844 /* TestCore.swift */,
				49BF86102BE83EA400EA6844 /* Home.swift */,
			);
			path = CourseSystem;
			sourceTree = "<group>";
		};
		4995A4FA2BB007D600CFA393 /* Preview Content */ = {
			isa = PBXGroup;
			children = (
				4995A4FB2BB007D600CFA393 /* Preview Assets.xcassets */,
			);
			path = "Preview Content";
			sourceTree = "<group>";
		};
/* End PBXGroup section */

/* Begin PBXNativeTarget section */
		4995A4F02BB007D400CFA393 /* CourseSystem */ = {
			isa = PBXNativeTarget;
			buildConfigurationList = 4995A5042BB007D600CFA393 /* Build configuration list for PBXNativeTarget "CourseSystem" */;
			buildPhases = (
				4995A4ED2BB007D400CFA393 /* Sources */,
				4995A4EE2BB007D400CFA393 /* Frameworks */,
				4995A4EF2BB007D400CFA393 /* Resources */,
			);
			buildRules = (
			);
			dependencies = (
			);
			name = CourseSystem;
			productName = CourseSystem;
			productReference = 4995A4F12BB007D400CFA393 /* CourseSystem.app */;
			productType = "com.apple.product-type.application";
		};
/* End PBXNativeTarget section */

/* Begin PBXProject section */
		4995A4E92BB007D400CFA393 /* Project object */ = {
			isa = PBXProject;
			attributes = {
				BuildIndependentTargetsInParallel = 1;
				LastSwiftUpdateCheck = 1500;
				LastUpgradeCheck = 1500;
				TargetAttributes = {
					4995A4F02BB007D400CFA393 = {
						CreatedOnToolsVersion = 15.0.1;
					};
				};
			};
			buildConfigurationList = 4995A4EC2BB007D400CFA393 /* Build configuration list for PBXProject "CourseSystem" */;
			compatibilityVersion = "Xcode 14.0";
			developmentRegion = en;
			hasScannedForEncodings = 0;
			knownRegions = (
				en,
				Base,
			);
			mainGroup = 4995A4E82BB007D400CFA393;
			productRefGroup = 4995A4F22BB007D400CFA393 /* Products */;
			projectDirPath = "";
			projectRoot = "";
			targets = (
				4995A4F02BB007D400CFA393 /* CourseSystem */,
			);
		};
/* End PBXProject section */

/* Begin PBXResourcesBuildPhase section */
		4995A4EF2BB007D400CFA393 /* Resources */ = {
			isa = PBXResourcesBuildPhase;
			buildActionMask = 2147483647;
			files = (
				4995A4FC2BB007D600CFA393 /* Preview Assets.xcassets in Resources */,
				4995A4F92BB007D600CFA393 /* Assets.xcassets in Resources */,
			);
			runOnlyForDeploymentPostprocessing = 0;
		};
/* End PBXResourcesBuildPhase section */

/* Begin PBXSourcesBuildPhase section */
		4995A4ED2BB007D400CFA393 /* Sources */ = {
			isa = PBXSourcesBuildPhase;
			buildActionMask = 2147483647;
			files = (
				4995A4FE2BB007D600CFA393 /* Persistence.swift in Sources */,
				4995A4F72BB007D400CFA393 /* ContentView.swift in Sources */,
				49BF860F2BE8318A00EA6844 /* TestCore.swift in Sources */,
				49BF860D2BE830A500EA6844 /* Test.swift in Sources */,
				4995A4F52BB007D400CFA393 /* CourseSystemApp.swift in Sources */,
				4995A5012BB007D600CFA393 /* CourseSystem.xcdatamodeld in Sources */,
				49BF86112BE83EA400EA6844 /* Home.swift in Sources */,
			);
			runOnlyForDeploymentPostprocessing = 0;
		};
/* End PBXSourcesBuildPhase section */

/* Begin XCBuildConfiguration section */
		4995A5022BB007D600CFA393 /* Debug */ = {
			isa = XCBuildConfiguration;
			buildSettings = {
				ALWAYS_SEARCH_USER_PATHS = NO;
				ASSETCATALOG_COMPILER_GENERATE_SWIFT_ASSET_SYMBOL_EXTENSIONS = YES;
				CLANG_ANALYZER_NONNULL = YES;
				CLANG_ANALYZER_NUMBER_OBJECT_CONVERSION = YES_AGGRESSIVE;
				CLANG_CXX_LANGUAGE_STANDARD = "gnu++20";
				CLANG_ENABLE_MODULES = YES;
				CLANG_ENABLE_OBJC_ARC = YES;
				CLANG_ENABLE_OBJC_WEAK = YES;
				CLANG_WARN_BLOCK_CAPTURE_AUTORELEASING = YES;
				CLANG_WARN_BOOL_CONVERSION = YES;
				CLANG_WARN_COMMA = YES;
				CLANG_WARN_CONSTANT_CONVERSION = YES;
				CLANG_WARN_DEPRECATED_OBJC_IMPLEMENTATIONS = YES;
				CLANG_WARN_DIRECT_OBJC_ISA_USAGE = YES_ERROR;
				CLANG_WARN_DOCUMENTATION_COMMENTS = YES;
				CLANG_WARN_EMPTY_BODY = YES;
				CLANG_WARN_ENUM_CONVERSION = YES;
				CLANG_WARN_INFINITE_RECURSION = YES;
				CLANG_WARN_INT_CONVERSION = YES;
				CLANG_WARN_NON_LITERAL_NULL_CONVERSION = YES;
				CLANG_WARN_OBJC_IMPLICIT_RETAIN_SELF = YES;
				CLANG_WARN_OBJC_LITERAL_CONVERSION = YES;
				CLANG_WARN_OBJC_ROOT_CLASS = YES_ERROR;
				CLANG_WARN_QUOTED_INCLUDE_IN_FRAMEWORK_HEADER = YES;
				CLANG_WARN_RANGE_LOOP_ANALYSIS = YES;
				CLANG_WARN_STRICT_PROTOTYPES = YES;
				CLANG_WARN_SUSPICIOUS_MOVE = YES;
				CLANG_WARN_UNGUARDED_AVAILABILITY = YES_AGGRESSIVE;
				CLANG_WARN_UNREACHABLE_CODE = YES;
				CLANG_WARN__DUPLICATE_METHOD_MATCH = YES;
				COPY_PHASE_STRIP = NO;
				DEBUG_INFORMATION_FORMAT = dwarf;
				ENABLE_STRICT_OBJC_MSGSEND = YES;
				ENABLE_TESTABILITY = YES;
				ENABLE_USER_SCRIPT_SANDBOXING = YES;
				GCC_C_LANGUAGE_STANDARD = gnu17;
				GCC_DYNAMIC_NO_PIC = NO;
				GCC_NO_COMMON_BLOCKS = YES;
				GCC_OPTIMIZATION_LEVEL = 0;
				GCC_PREPROCESSOR_DEFINITIONS = (
					"DEBUG=1",
					"$(inherited)",
				);
				GCC_WARN_64_TO_32_BIT_CONVERSION = YES;
				GCC_WARN_ABOUT_RETURN_TYPE = YES_ERROR;
				GCC_WARN_UNDECLARED_SELECTOR = YES;
				GCC_WARN_UNINITIALIZED_AUTOS = YES_AGGRESSIVE;
				GCC_WARN_UNUSED_FUNCTION = YES;
				GCC_WARN_UNUSED_VARIABLE = YES;
				IPHONEOS_DEPLOYMENT_TARGET = 17.0;
				LOCALIZATION_PREFERS_STRING_CATALOGS = YES;
				MTL_ENABLE_DEBUG_INFO = INCLUDE_SOURCE;
				MTL_FAST_MATH = YES;
				ONLY_ACTIVE_ARCH = YES;
				SDKROOT = iphoneos;
				SWIFT_ACTIVE_COMPILATION_CONDITIONS = "DEBUG $(inherited)";
				SWIFT_OPTIMIZATION_LEVEL = "-Onone";
			};
			name = Debug;
		};
		4995A5032BB007D600CFA393 /* Release */ = {
			isa = XCBuildConfiguration;
			buildSettings = {
				ALWAYS_SEARCH_USER_PATHS = NO;
				ASSETCATALOG_COMPILER_GENERATE_SWIFT_ASSET_SYMBOL_EXTENSIONS = YES;
				CLANG_ANALYZER_NONNULL = YES;
				CLANG_ANALYZER_NUMBER_OBJECT_CONVERSION = YES_AGGRESSIVE;
				CLANG_CXX_LANGUAGE_STANDARD = "gnu++20";
				CLANG_ENABLE_MODULES = YES;
				CLANG_ENABLE_OBJC_ARC = YES;
				CLANG_ENABLE_OBJC_WEAK = YES;
				CLANG_WARN_BLOCK_CAPTURE_AUTORELEASING = YES;
				CLANG_WARN_BOOL_CONVERSION = YES;
				CLANG_WARN_COMMA = YES;
				CLANG_WARN_CONSTANT_CONVERSION = YES;
				CLANG_WARN_DEPRECATED_OBJC_IMPLEMENTATIONS = YES;
				CLANG_WARN_DIRECT_OBJC_ISA_USAGE = YES_ERROR;
				CLANG_WARN_DOCUMENTATION_COMMENTS = YES;
				CLANG_WARN_EMPTY_BODY = YES;
				CLANG_WARN_ENUM_CONVERSION = YES;
				CLANG_WARN_INFINITE_RECURSION = YES;
				CLANG_WARN_INT_CONVERSION = YES;
				CLANG_WARN_NON_LITERAL_NULL_CONVERSION = YES;
				CLANG_WARN_OBJC_IMPLICIT_RETAIN_SELF = YES;
				CLANG_WARN_OBJC_LITERAL_CONVERSION = YES;
				CLANG_WARN_OBJC_ROOT_CLASS = YES_ERROR;
				CLANG_WARN_QUOTED_INCLUDE_IN_FRAMEWORK_HEADER = YES;
				CLANG_WARN_RANGE_LOOP_ANALYSIS = YES;
				CLANG_WARN_STRICT_PROTOTYPES = YES;
				CLANG_WARN_SUSPICIOUS_MOVE = YES;
				CLANG_WARN_UNGUARDED_AVAILABILITY = YES_AGGRESSIVE;
				CLANG_WARN_UNREACHABLE_CODE = YES;
				CLANG_WARN__DUPLICATE_METHOD_MATCH = YES;
				COPY_PHASE_STRIP = NO;
				DEBUG_INFORMATION_FORMAT = "dwarf-with-dsym";
				ENABLE_NS_ASSERTIONS = NO;
				ENABLE_STRICT_OBJC_MSGSEND = YES;
				ENABLE_USER_SCRIPT_SANDBOXING = YES;
				GCC_C_LANGUAGE_STANDARD = gnu17;
				GCC_NO_COMMON_BLOCKS = YES;
				GCC_WARN_64_TO_32_BIT_CONVERSION = YES;
				GCC_WARN_ABOUT_RETURN_TYPE = YES_ERROR;
				GCC_WARN_UNDECLARED_SELECTOR = YES;
				GCC_WARN_UNINITIALIZED_AUTOS = YES_AGGRESSIVE;
				GCC_WARN_UNUSED_FUNCTION = YES;
				GCC_WARN_UNUSED_VARIABLE = YES;
				IPHONEOS_DEPLOYMENT_TARGET = 17.0;
				LOCALIZATION_PREFERS_STRING_CATALOGS = YES;
				MTL_ENABLE_DEBUG_INFO = NO;
				MTL_FAST_MATH = YES;
				SDKROOT = iphoneos;
				SWIFT_COMPILATION_MODE = wholemodule;
				VALIDATE_PRODUCT = YES;
			};
			name = Release;
		};
		4995A5052BB007D600CFA393 /* Debug */ = {
			isa = XCBuildConfiguration;
			buildSettings = {
				ASSETCATALOG_COMPILER_APPICON_NAME = AppIcon;
				ASSETCATALOG_COMPILER_GLOBAL_ACCENT_COLOR_NAME = AccentColor;
				CODE_SIGN_STYLE = Automatic;
				CURRENT_PROJECT_VERSION = 1;
				DEVELOPMENT_ASSET_PATHS = "\"CourseSystem/Preview Content\"";
				DEVELOPMENT_TEAM = 75C2U6KCK5;
				ENABLE_PREVIEWS = YES;
				GENERATE_INFOPLIST_FILE = YES;
				INFOPLIST_KEY_UIApplicationSceneManifest_Generation = YES;
				INFOPLIST_KEY_UIApplicationSupportsIndirectInputEvents = YES;
				INFOPLIST_KEY_UILaunchScreen_Generation = YES;
				INFOPLIST_KEY_UISupportedInterfaceOrientations_iPad = "UIInterfaceOrientationPortrait UIInterfaceOrientationPortraitUpsideDown UIInterfaceOrientationLandscapeLeft UIInterfaceOrientationLandscapeRight";
				INFOPLIST_KEY_UISupportedInterfaceOrientations_iPhone = "UIInterfaceOrientationPortrait UIInterfaceOrientationLandscapeLeft UIInterfaceOrientationLandscapeRight";
				LD_RUNPATH_SEARCH_PATHS = (
					"$(inherited)",
					"@executable_path/Frameworks",
				);
				MARKETING_VERSION = 1.0;
				PRODUCT_BUNDLE_IDENTIFIER = com.duacodie.CourseSystem;
				PRODUCT_NAME = "$(TARGET_NAME)";
				SWIFT_EMIT_LOC_STRINGS = YES;
				SWIFT_VERSION = 5.0;
				TARGETED_DEVICE_FAMILY = "1,2";
			};
			name = Debug;
		};
		4995A5062BB007D600CFA393 /* Release */ = {
			isa = XCBuildConfiguration;
			buildSettings = {
				ASSETCATALOG_COMPILER_APPICON_NAME = AppIcon;
				ASSETCATALOG_COMPILER_GLOBAL_ACCENT_COLOR_NAME = AccentColor;
				CODE_SIGN_STYLE = Automatic;
				CURRENT_PROJECT_VERSION = 1;
				DEVELOPMENT_ASSET_PATHS = "\"CourseSystem/Preview Content\"";
				DEVELOPMENT_TEAM = 75C2U6KCK5;
				ENABLE_PREVIEWS = YES;
				GENERATE_INFOPLIST_FILE = YES;
				INFOPLIST_KEY_UIApplicationSceneManifest_Generation = YES;
				INFOPLIST_KEY_UIApplicationSupportsIndirectInputEvents = YES;
				INFOPLIST_KEY_UILaunchScreen_Generation = YES;
				INFOPLIST_KEY_UISupportedInterfaceOrientations_iPad = "UIInterfaceOrientationPortrait UIInterfaceOrientationPortraitUpsideDown UIInterfaceOrientationLandscapeLeft UIInterfaceOrientationLandscapeRight";
				INFOPLIST_KEY_UISupportedInterfaceOrientations_iPhone = "UIInterfaceOrientationPortrait UIInterfaceOrientationLandscapeLeft UIInterfaceOrientationLandscapeRight";
				LD_RUNPATH_SEARCH_PATHS = (
					"$(inherited)",
					"@executable_path/Frameworks",
				);
				MARKETING_VERSION = 1.0;
				PRODUCT_BUNDLE_IDENTIFIER = com.duacodie.CourseSystem;
				PRODUCT_NAME = "$(TARGET_NAME)";
				SWIFT_EMIT_LOC_STRINGS = YES;
				SWIFT_VERSION = 5.0;
				TARGETED_DEVICE_FAMILY = "1,2";
			};
			name = Release;
		};
/* End XCBuildConfiguration section */

/* Begin XCConfigurationList section */
		4995A4EC2BB007D400CFA393 /* Build configuration list for PBXProject "CourseSystem" */ = {
			isa = XCConfigurationList;
			buildConfigurations = (
				4995A5022BB007D600CFA393 /* Debug */,
				4995A5032BB007D600CFA393 /* Release */,
			);
			defaultConfigurationIsVisible = 0;
			defaultConfigurationName = Release;
		};
		4995A5042BB007D600CFA393 /* Build configuration list for PBXNativeTarget "CourseSystem" */ = {
			isa = XCConfigurationList;
			buildConfigurations = (
				4995A5052BB007D600CFA393 /* Debug */,
				4995A5062BB007D600CFA393 /* Release */,
			);
			defaultConfigurationIsVisible = 0;
			defaultConfigurationName = Release;
		};
/* End XCConfigurationList section */

/* Begin XCVersionGroup section */
		4995A4FF2BB007D600CFA393 /* CourseSystem.xcdatamodeld */ = {
			isa = XCVersionGroup;
			children = (
				4995A5002BB007D600CFA393 /* CourseSystem.xcdatamodel */,
			);
			currentVersion = 4995A5002BB007D600CFA393 /* CourseSystem.xcdatamodel */;
			path = CourseSystem.xcdatamodeld;
			sourceTree = "<group>";
			versionGroupType = wrapper.xcdatamodel;
		};
/* End XCVersionGroup section */
	};
	rootObject = 4995A4E92BB007D400CFA393 /* Project object */;
}
